
Microsoft Visual Studio Solution File, Format Version 12.00
# Visual Studio 15
Project("{FAE04EC0-301F-11D3-BF4B-00C04F79EFBC}") = "ImgApp.Android", "ImgApp.Android\ImgApp.Android.csproj", "{BB08F9FA-DE54-4121-8F9A-B9BAB7D54F26}"
EndProject
Project("{FAE04EC0-301F-11D3-BF4B-00C04F79EFBC}") = "ImgApp.iOS", "ImgApp.iOS\ImgApp.iOS.csproj", "{BD59E6B0-987C-4C26-BD87-574EF3847F99}"
EndProject
Project("{FAE04EC0-301F-11D3-BF4B-00C04F79EFBC}") = "ImgApp", "ImgApp\ImgApp.csproj", "{F5716ACF-F58A-4FB6-AB7E-9840E16EFD33}"
EndProject
Global
	GlobalSection(SolutionConfigurationPlatforms) = preSolution
		Debug|Any CPU = Debug|Any CPU
		Release|Any CPU = Release|Any CPU
		Debug|iPhoneSimulator = Debug|iPhoneSimulator
		Release|iPhoneSimulator = Release|iPhoneSimulator
		Debug|iPhone = Debug|iPhone
		Release|iPhone = Release|iPhone
		Ad-Hoc|iPhone = Ad-Hoc|iPhone
		AppStore|iPhone = AppStore|iPhone
	EndGlobalSection
	GlobalSection(ProjectConfigurationPlatforms) = postSolution
		{BB08F9FA-DE54-4121-8F9A-B9BAB7D54F26}.Debug|Any CPU.ActiveCfg = Debug|Any CPU
		{BB08F9FA-DE54-4121-8F9A-B9BAB7D54F26}.Debug|Any CPU.Build.0 = Debug|Any CPU
		{BB08F9FA-DE54-4121-8F9A-B9BAB7D54F26}.Release|Any CPU.ActiveCfg = Release|Any CPU
		{BB08F9FA-DE54-4121-8F9A-B9BAB7D54F26}.Release|Any CPU.Build.0 = Release|Any CPU
		{BB08F9FA-DE54-4121-8F9A-B9BAB7D54F26}.Debug|iPhoneSimulator.ActiveCfg = Debug|Any CPU
		{BB08F9FA-DE54-4121-8F9A-B9BAB7D54F26}.Debug|iPhoneSimulator.Build.0 = Debug|Any CPU
		{BB08F9FA-DE54-4121-8F9A-B9BAB7D54F26}.Release|iPhoneSimulator.ActiveCfg = Release|Any CPU
		{BB08F9FA-DE54-4121-8F9A-B9BAB7D54F26}.Release|iPhoneSimulator.Build.0 = Release|Any CPU
		{BB08F9FA-DE54-4121-8F9A-B9BAB7D54F26}.Debug|iPhone.ActiveCfg = Debug|Any CPU
		{BB08F9FA-DE54-4121-8F9A-B9BAB7D54F26}.Debug|iPhone.Build.0 = Debug|Any CPU
		{BB08F9FA-DE54-4121-8F9A-B9BAB7D54F26}.Release|iPhone.ActiveCfg = Release|Any CPU
		{BB08F9FA-DE54-4121-8F9A-B9BAB7D54F26}.Release|iPhone.Build.0 = Release|Any CPU
		{BB08F9FA-DE54-4121-8F9A-B9BAB7D54F26}.Ad-Hoc|iPhone.ActiveCfg = Debug|Any CPU
		{BB08F9FA-DE54-4121-8F9A-B9BAB7D54F26}.Ad-Hoc|iPhone.Build.0 = Debug|Any CPU
		{BB08F9FA-DE54-4121-8F9A-B9BAB7D54F26}.AppStore|iPhone.ActiveCfg = Debug|Any CPU
		{BB08F9FA-DE54-4121-8F9A-B9BAB7D54F26}.AppStore|iPhone.Build.0 = Debug|Any CPU
		{BD59E6B0-987C-4C26-BD87-574EF3847F99}.Debug|Any CPU.ActiveCfg = Debug|iPhoneSimulator
		{BD59E6B0-987C-4C26-BD87-574EF3847F99}.Debug|Any CPU.Build.0 = Debug|iPhoneSimulator
		{BD59E6B0-987C-4C26-BD87-574EF3847F99}.Release|Any CPU.ActiveCfg = Release|iPhoneSimulator
		{BD59E6B0-987C-4C26-BD87-574EF3847F99}.Release|Any CPU.Build.0 = Release|iPhoneSimulator
		{BD59E6B0-987C-4C26-BD87-574EF3847F99}.Debug|iPhoneSimulator.ActiveCfg = Debug|iPhoneSimulator
		{BD59E6B0-987C-4C26-BD87-574EF3847F99}.Debug|iPhoneSimulator.Build.0 = Debug|iPhoneSimulator
		{BD59E6B0-987C-4C26-BD87-574EF3847F99}.Release|iPhoneSimulator.ActiveCfg = Release|iPhoneSimulator
		{BD59E6B0-987C-4C26-BD87-574EF3847F99}.Release|iPhoneSimulator.Build.0 = Release|iPhoneSimulator
		{BD59E6B0-987C-4C26-BD87-574EF3847F99}.Debug|iPhone.ActiveCfg = Debug|iPhone
		{BD59E6B0-987C-4C26-BD87-574EF3847F99}.Debug|iPhone.Build.0 = Debug|iPhone
		{BD59E6B0-987C-4C26-BD87-574EF3847F99}.Release|iPhone.ActiveCfg = Release|iPhone
		{BD59E6B0-987C-4C26-BD87-574EF3847F99}.Release|iPhone.Build.0 = Release|iPhone
		{BD59E6B0-987C-4C26-BD87-574EF3847F99}.Ad-Hoc|iPhone.ActiveCfg = Ad-Hoc|iPhone
		{BD59E6B0-987C-4C26-BD87-574EF3847F99}.Ad-Hoc|iPhone.Build.0 = Ad-Hoc|iPhone
		{BD59E6B0-987C-4C26-BD87-574EF3847F99}.AppStore|iPhone.ActiveCfg = AppStore|iPhone
		{BD59E6B0-987C-4C26-BD87-574EF3847F99}.AppStore|iPhone.Build.0 = AppStore|iPhone
		{F5716ACF-F58A-4FB6-AB7E-9840E16EFD33}.Debug|Any CPU.ActiveCfg = Debug|Any CPU
		{F5716ACF-F58A-4FB6-AB7E-9840E16EFD33}.Debug|Any CPU.Build.0 = Debug|Any CPU
		{F5716ACF-F58A-4FB6-AB7E-9840E16EFD33}.Release|Any CPU.ActiveCfg = Release|Any CPU
		{F5716ACF-F58A-4FB6-AB7E-9840E16EFD33}.Release|Any CPU.Build.0 = Release|Any CPU
		{F5716ACF-F58A-4FB6-AB7E-9840E16EFD33}.Debug|iPhoneSimulator.ActiveCfg = Debug|Any CPU
		{F5716ACF-F58A-4FB6-AB7E-9840E16EFD33}.Debug|iPhoneSimulator.Build.0 = Debug|Any CPU
		{F5716ACF-F58A-4FB6-AB7E-9840E16EFD33}.Release|iPhoneSimulator.ActiveCfg = Release|Any CPU
		{F5716ACF-F58A-4FB6-AB7E-9840E16EFD33}.Release|iPhoneSimulator.Build.0 = Release|Any CPU
		{F5716ACF-F58A-4FB6-AB7E-9840E16EFD33}.Debug|iPhone.ActiveCfg = Debug|Any CPU
		{F5716ACF-F58A-4FB6-AB7E-9840E16EFD33}.Debug|iPhone.Build.0 = Debug|Any CPU
		{F5716ACF-F58A-4FB6-AB7E-9840E16EFD33}.Release|iPhone.ActiveCfg = Release|Any CPU
		{F5716ACF-F58A-4FB6-AB7E-9840E16EFD33}.Release|iPhone.Build.0 = Release|Any CPU
		{F5716ACF-F58A-4FB6-AB7E-9840E16EFD33}.Ad-Hoc|iPhone.ActiveCfg = Debug|Any CPU
		{F5716ACF-F58A-4FB6-AB7E-9840E16EFD33}.Ad-Hoc|iPhone.Build.0 = Debug|Any CPU
		{F5716ACF-F58A-4FB6-AB7E-9840E16EFD33}.AppStore|iPhone.ActiveCfg = Debug|Any CPU
		{F5716ACF-F58A-4FB6-AB7E-9840E16EFD33}.AppStore|iPhone.Build.0 = Debug|Any CPU
	EndGlobalSection
EndGlobal
